
Microsoft Visual Studio Solution File, Format Version 12.00
# Visual Studio Version 17
VisualStudioVersion = 17.0.31903.59
MinimumVisualStudioVersion = 10.0.40219.1
Project("{2150E333-8FDC-42A3-9474-1A3956D46DE8}") = "Additional Items", "Additional Items", "{5C0530DD-BDB5-4D30-8A03-3E6DED0A75F3}"
	ProjectSection(SolutionItems) = preProject
		..\.editorconfig = ..\.editorconfig
		..\.gitignore = ..\.gitignore
		..\.gitattributes = ..\.gitattributes
		Directory.Build.props = Directory.Build.props
		Msdf.sln.DotSettings = Msdf.sln.DotSettings
	EndProjectSection
EndProject
Project("{FAE04EC0-301F-11D3-BF4B-00C04F79EFBC}") = "Msdf.Game", "game\Msdf.Game.csproj", "{02CBB958-9E16-45EF-97CB-7BFCD0209B55}"
EndProject
Project("{FAE04EC0-301F-11D3-BF4B-00C04F79EFBC}") = "Msdf.Game.Resources", "resources\Msdf.Game.Resources.csproj", "{42426C7D-64FF-4C8A-AF97-5D39CB074670}"
EndProject
Project("{2150E333-8FDC-42A3-9474-1A3956D46DE8}") = "Tests", "Tests", "{37D3891D-0546-4E77-B062-9947D075366B}"
EndProject
Project("{FAE04EC0-301F-11D3-BF4B-00C04F79EFBC}") = "Msdf.Game.Tests", "tests\game\Msdf.Game.Tests.csproj", "{A38A7485-6FAD-4D53-BA7C-E8FE265AB838}"
EndProject
Project("{2150E333-8FDC-42A3-9474-1A3956D46DE8}") = "Platforms", "Platforms", "{30D10A7D-7EF6-4548-9257-D57F7FBB78BB}"
EndProject
Project("{FAE04EC0-301F-11D3-BF4B-00C04F79EFBC}") = "Msdf.Desktop", "platforms\desktop\Msdf.Desktop.csproj", "{6666F78A-D02A-459A-A38D-337E82DB939F}"
EndProject
Global
	GlobalSection(SolutionConfigurationPlatforms) = preSolution
		Debug|Any CPU = Debug|Any CPU
		Release|Any CPU = Release|Any CPU
	EndGlobalSection
	GlobalSection(ProjectConfigurationPlatforms) = postSolution
		{02CBB958-9E16-45EF-97CB-7BFCD0209B55}.Debug|Any CPU.ActiveCfg = Debug|Any CPU
		{02CBB958-9E16-45EF-97CB-7BFCD0209B55}.Debug|Any CPU.Build.0 = Debug|Any CPU
		{02CBB958-9E16-45EF-97CB-7BFCD0209B55}.Release|Any CPU.ActiveCfg = Release|Any CPU
		{02CBB958-9E16-45EF-97CB-7BFCD0209B55}.Release|Any CPU.Build.0 = Release|Any CPU
		{42426C7D-64FF-4C8A-AF97-5D39CB074670}.Debug|Any CPU.ActiveCfg = Debug|Any CPU
		{42426C7D-64FF-4C8A-AF97-5D39CB074670}.Debug|Any CPU.Build.0 = Debug|Any CPU
		{42426C7D-64FF-4C8A-AF97-5D39CB074670}.Release|Any CPU.ActiveCfg = Release|Any CPU
		{42426C7D-64FF-4C8A-AF97-5D39CB074670}.Release|Any CPU.Build.0 = Release|Any CPU
		{A38A7485-6FAD-4D53-BA7C-E8FE265AB838}.Debug|Any CPU.ActiveCfg = Debug|Any CPU
		{A38A7485-6FAD-4D53-BA7C-E8FE265AB838}.Debug|Any CPU.Build.0 = Debug|Any CPU
		{A38A7485-6FAD-4D53-BA7C-E8FE265AB838}.Release|Any CPU.ActiveCfg = Release|Any CPU
		{A38A7485-6FAD-4D53-BA7C-E8FE265AB838}.Release|Any CPU.Build.0 = Release|Any CPU
		{6666F78A-D02A-459A-A38D-337E82DB939F}.Debug|Any CPU.ActiveCfg = Debug|Any CPU
		{6666F78A-D02A-459A-A38D-337E82DB939F}.Debug|Any CPU.Build.0 = Debug|Any CPU
		{6666F78A-D02A-459A-A38D-337E82DB939F}.Release|Any CPU.ActiveCfg = Release|Any CPU
		{6666F78A-D02A-459A-A38D-337E82DB939F}.Release|Any CPU.Build.0 = Release|Any CPU
	EndGlobalSection
	GlobalSection(SolutionProperties) = preSolution
		HideSolutionNode = FALSE
	EndGlobalSection
	GlobalSection(NestedProjects) = preSolution
		{A38A7485-6FAD-4D53-BA7C-E8FE265AB838} = {37D3891D-0546-4E77-B062-9947D075366B}
		{6666F78A-D02A-459A-A38D-337E82DB939F} = {30D10A7D-7EF6-4548-9257-D57F7FBB78BB}
	EndGlobalSection
EndGlobal
